
Microsoft Visual Studio Solution File, Format Version 12.00
# Visual Studio Version 17
VisualStudioVersion = 17.11.35327.3
MinimumVisualStudioVersion = 10.0.40219.1
Project("{9A19103F-16F7-4668-BE54-9A1E7A4F7556}") = "App.Data", "App.Data\App.Data.csproj", "{93189258-6505-4A92-9620-CC0B47E22556}"
EndProject
Project("{9A19103F-16F7-4668-BE54-9A1E7A4F7556}") = "App.Shared", "App.Shared\App.Shared.csproj", "{BF4DC61B-DA5B-4D7C-A825-F37F82E9836D}"
EndProject
Project("{9A19103F-16F7-4668-BE54-9A1E7A4F7556}") = "App.Client", "App.Client\App.Client.csproj", "{70AE3810-C913-44F6-BD61-DEF73929DA56}"
EndProject
Project("{FAE04EC0-301F-11D3-BF4B-00C04F79EFBC}") = "App.Admin", "App.Admin\App.Admin.csproj", "{CAA25BB7-235F-490A-919B-68B1F71A5F01}"
EndProject
Project("{FAE04EC0-301F-11D3-BF4B-00C04F79EFBC}") = "App.WebApi", "App.WebApi\App.WebApi.csproj", "{FC6B4EED-F063-4731-B668-36D037F14164}"
EndProject
Global
	GlobalSection(SolutionConfigurationPlatforms) = preSolution
		Debug|Any CPU = Debug|Any CPU
		Release|Any CPU = Release|Any CPU
	EndGlobalSection
	GlobalSection(ProjectConfigurationPlatforms) = postSolution
		{93189258-6505-4A92-9620-CC0B47E22556}.Debug|Any CPU.ActiveCfg = Debug|Any CPU
		{93189258-6505-4A92-9620-CC0B47E22556}.Debug|Any CPU.Build.0 = Debug|Any CPU
		{93189258-6505-4A92-9620-CC0B47E22556}.Release|Any CPU.ActiveCfg = Release|Any CPU
		{93189258-6505-4A92-9620-CC0B47E22556}.Release|Any CPU.Build.0 = Release|Any CPU
		{BF4DC61B-DA5B-4D7C-A825-F37F82E9836D}.Debug|Any CPU.ActiveCfg = Debug|Any CPU
		{BF4DC61B-DA5B-4D7C-A825-F37F82E9836D}.Debug|Any CPU.Build.0 = Debug|Any CPU
		{BF4DC61B-DA5B-4D7C-A825-F37F82E9836D}.Release|Any CPU.ActiveCfg = Release|Any CPU
		{BF4DC61B-DA5B-4D7C-A825-F37F82E9836D}.Release|Any CPU.Build.0 = Release|Any CPU
		{70AE3810-C913-44F6-BD61-DEF73929DA56}.Debug|Any CPU.ActiveCfg = Debug|Any CPU
		{70AE3810-C913-44F6-BD61-DEF73929DA56}.Debug|Any CPU.Build.0 = Debug|Any CPU
		{70AE3810-C913-44F6-BD61-DEF73929DA56}.Release|Any CPU.ActiveCfg = Release|Any CPU
		{70AE3810-C913-44F6-BD61-DEF73929DA56}.Release|Any CPU.Build.0 = Release|Any CPU
		{CAA25BB7-235F-490A-919B-68B1F71A5F01}.Debug|Any CPU.ActiveCfg = Debug|Any CPU
		{CAA25BB7-235F-490A-919B-68B1F71A5F01}.Debug|Any CPU.Build.0 = Debug|Any CPU
		{CAA25BB7-235F-490A-919B-68B1F71A5F01}.Release|Any CPU.ActiveCfg = Release|Any CPU
		{CAA25BB7-235F-490A-919B-68B1F71A5F01}.Release|Any CPU.Build.0 = Release|Any CPU
		{FC6B4EED-F063-4731-B668-36D037F14164}.Debug|Any CPU.ActiveCfg = Debug|Any CPU
		{FC6B4EED-F063-4731-B668-36D037F14164}.Debug|Any CPU.Build.0 = Debug|Any CPU
		{FC6B4EED-F063-4731-B668-36D037F14164}.Release|Any CPU.ActiveCfg = Release|Any CPU
		{FC6B4EED-F063-4731-B668-36D037F14164}.Release|Any CPU.Build.0 = Release|Any CPU
	EndGlobalSection
	GlobalSection(SolutionProperties) = preSolution
		HideSolutionNode = FALSE
	EndGlobalSection
	GlobalSection(ExtensibilityGlobals) = postSolution
		SolutionGuid = {56EE878D-0619-4D31-92F5-73E613F1B62F}
	EndGlobalSection
EndGlobal
